<?xml version="1.0" encoding="utf-8"?>
<Project ToolsVersion="4.0" xmlns="http://schemas.microsoft.com/developer/msbuild/2003">
  <ItemGroup>
    <Filter Include="Zdrojové soubory">
      <UniqueIdentifier>{4FC737F1-C7A5-4376-A066-2A32D752A2FF}</UniqueIdentifier>
      <Extensions>cpp;c;cc;cxx;c++;cppm;ixx;def;odl;idl;hpj;bat;asm;asmx</Extensions>
    </Filter>
    <Filter Include="Hlavičkové soubory">
      <UniqueIdentifier>{93995380-89BD-4b04-88EB-625FBE52EBFB}</UniqueIdentifier>
      <Extensions>h;hh;hpp;hxx;h++;hm;inl;inc;ipp;xsd</Extensions>
    </Filter>
    <Filter Include="Soubory zdrojů">
      <UniqueIdentifier>{67DA6AB6-F800-4c08-8B7A-83BB121AAD01}</UniqueIdentifier>
      <Extensions>rc;ico;cur;bmp;dlg;rc2;rct;bin;rgs;gif;jpg;jpeg;jpe;resx;tiff;tif;png;wav;mfcribbon-ms</Extensions>
    </Filter>
    <Filter Include="Soubory zdrojů\images and icons">
      <UniqueIdentifier>{845f1c1b-a0aa-483b-9b07-2ef92cdc22ca}</UniqueIdentifier>
    </Filter>
  </ItemGroup>
  <ItemGroup>
    <ClInclude Include="Resource.h">
      <Filter>Hlavičkové soubory</Filter>
    </ClInclude>
    <ClInclude Include="Game1.h">
      <Filter>Hlavičkové soubory</Filter>
    </ClInclude>
  </ItemGroup>
  <ItemGroup>
    <ClCompile Include="Game1.cpp">
      <Filter>Zdrojové soubory</Filter>
    </ClCompile>
  </ItemGroup>
  <ItemGroup>
    <ResourceCompile Include="Game1.rc">
      <Filter>Soubory zdrojů</Filter>
    </ResourceCompile>
  </ItemGroup>
  <ItemGroup>
    <Image Include="img\postava\1.png">
      <Filter>Soubory zdrojů\images and icons</Filter>
    </Image>
    <Image Include="img\postava\2.png">
      <Filter>Soubory zdrojů\images and icons</Filter>
    </Image>
    <Image Include="img\postava\3.png">
      <Filter>Soubory zdrojů\images and icons</Filter>
    </Image>
    <Image Include="img\postava\4.png">
      <Filter>Soubory zdrojů\images and icons</Filter>
    </Image>
    <Image Include="img\icon\Game1.ico">
      <Filter>Soubory zdrojů\images and icons</Filter>
    </Image>
    <Image Include="img\kamen.png">
      <Filter>Soubory zdrojů\images and icons</Filter>
    </Image>
    <Image Include="img\lasse.png">
      <Filter>Soubory zdrojů\images and icons</Filter>
    </Image>
    <Image Include="img\podlaha_kamen.png">
      <Filter>Soubory zdrojů\images and icons</Filter>
    </Image>
    <Image Include="img\icon\small.ico">
      <Filter>Soubory zdrojů\images and icons</Filter>
    </Image>
    <Image Include="img\trava.png">
      <Filter>Soubory zdrojů\images and icons</Filter>
    </Image>
    <Image Include="img\zed.png">
      <Filter>Soubory zdrojů\images and icons</Filter>
    </Image>
    <Image Include="img\krystal_m.png">
      <Filter>Soubory zdrojů\images and icons</Filter>
    </Image>
    <Image Include="img\krystal_c.png">
      <Filter>Soubory zdrojů\images and icons</Filter>
    </Image>
    <Image Include="img\krystal_o.png">
      <Filter>Soubory zdrojů\images and icons</Filter>
    </Image>
    <Image Include="img\krystal_z.png">
      <Filter>Soubory zdrojů\images and icons</Filter>
    </Image>
  </ItemGroup>
</Project>